
Microsoft Visual Studio Solution File, Format Version 12.00
# Visual Studio Version 17
VisualStudioVersion = 17.5.002.0
MinimumVisualStudioVersion = 10.0.40219.1
Project("{9A19103F-16F7-4668-BE54-9A1E7A4F7556}") = "TrilhaApiDesafio", "TrilhaApiDesafio.csproj", "{463C5BD7-3BE8-4F49-B312-5C5E63A4EB83}"
EndProject
Global
	GlobalSection(SolutionConfigurationPlatforms) = preSolution
		Debug|Any CPU = Debug|Any CPU
		Release|Any CPU = Release|Any CPU
	EndGlobalSection
	GlobalSection(ProjectConfigurationPlatforms) = postSolution
		{463C5BD7-3BE8-4F49-B312-5C5E63A4EB83}.Debug|Any CPU.ActiveCfg = Debug|Any CPU
		{463C5BD7-3BE8-4F49-B312-5C5E63A4EB83}.Debug|Any CPU.Build.0 = Debug|Any CPU
		{463C5BD7-3BE8-4F49-B312-5C5E63A4EB83}.Release|Any CPU.ActiveCfg = Release|Any CPU
		{463C5BD7-3BE8-4F49-B312-5C5E63A4EB83}.Release|Any CPU.Build.0 = Release|Any CPU
	EndGlobalSection
	GlobalSection(SolutionProperties) = preSolution
		HideSolutionNode = FALSE
	EndGlobalSection
	GlobalSection(ExtensibilityGlobals) = postSolution
		SolutionGuid = {852DCFFE-AD5C-4555-8C21-5792EB6A0179}
	EndGlobalSection
EndGlobal
